github.com/cloudflare/circl v1.6.1 h1:zqIqSPIndyBh1bjLVVDHMPpVKqp8Su/V+6MeDzzQBQ0=
github.com/cloudflare/circl v1.6.1/go.mod h1:uddAzsPgqdMAYatqJ0lsjX1oECcQLIlRpzZh3pJrofs=
github.com/etclab/mu v0.2.0 h1:Q6cNaOnWlqiiX5v1mgq3nFy92yybRfZgou07GcCgTzU=
github.com/etclab/mu v0.2.0/go.mod h1:Q1g67Uyx3LUHW0YioY/ipPfKTQe/8NjYlpevy4zgGyk=
github.com/etclab/ncircl v0.0.0-20251024222956-741fe8b7ba2c h1:tyM0LBsiJfWg5OxYqUC5w7z8/YbZXG+9EyAKHnOpWz8=
github.com/etclab/ncircl v0.0.0-20251024222956-741fe8b7ba2c/go.mod h1:REWzXQSWkzdw6X1p8AHoDY3ty795cGlWVRWN3ucIz3A=
golang.org/x/crypto v0.43.0 h1:dduJYIi3A3KOfdGOHX8AVZ/jGiyPa3IbBozJ5kNuE04=
golang.org/x/crypto v0.43.0/go.mod h1:BFbav4mRNlXJL4wNeejLpWxB7wMbc79PdRGhWKncxR0=
golang.org/x/sys v0.37.0 h1:fdNQudmxPjkdUTPnLn5mdQv7Zwvbvpaxqs831goi9kQ=
golang.org/x/sys v0.37.0/go.mod h1:OgkHotnGiDImocRcuBABYBEXf8A9a87e/uXjp9XT3ks=
